
Microsoft Visual Studio Solution File, Format Version 12.00
# Visual Studio Version 16
VisualStudioVersion = 25.0.1706.5
MinimumVisualStudioVersion = 10.0.40219.1
Project("{FAE04EC0-301F-11D3-BF4B-00C04F79EFBC}") = "attendanceAppWeb", "attendanceAppWeb\attendanceAppWeb.csproj", "{9DBCB1FD-C5D1-442C-89B5-2F877F7BA005}"
EndProject
Global
	GlobalSection(SolutionConfigurationPlatforms) = preSolution
		Debug|Any CPU = Debug|Any CPU
		Release|Any CPU = Release|Any CPU
	EndGlobalSection
	GlobalSection(ProjectConfigurationPlatforms) = postSolution
		{9DBCB1FD-C5D1-442C-89B5-2F877F7BA005}.Debug|Any CPU.ActiveCfg = Debug|Any CPU
		{9DBCB1FD-C5D1-442C-89B5-2F877F7BA005}.Debug|Any CPU.Build.0 = Debug|Any CPU
		{9DBCB1FD-C5D1-442C-89B5-2F877F7BA005}.Release|Any CPU.ActiveCfg = Release|Any CPU
		{9DBCB1FD-C5D1-442C-89B5-2F877F7BA005}.Release|Any CPU.Build.0 = Release|Any CPU
	EndGlobalSection
	GlobalSection(SolutionProperties) = preSolution
		HideSolutionNode = FALSE
	EndGlobalSection
	GlobalSection(ExtensibilityGlobals) = postSolution
		SolutionGuid = {282FA670-1AA1-4A0E-B331-8336DFEAE937}
	EndGlobalSection
EndGlobal
